
Microsoft Visual Studio Solution File, Format Version 12.00
# Visual Studio Version 17
VisualStudioVersion = 17.3.32929.385
MinimumVisualStudioVersion = 10.0.40219.1
Project("{2150E333-8FDC-42A3-9474-1A3956D46DE8}") = "FrontEnd", "FrontEnd", "{8D838C1F-9825-4503-8E8F-30520EB9D8B2}"
EndProject
Project("{FAE04EC0-301F-11D3-BF4B-00C04F79EFBC}") = "Artisanale.Web", "Artisanale.Web\Artisanale.Web.csproj", "{B3DB8F84-3A7C-4026-AA35-280D8B1039E5}"
EndProject
Project("{2150E333-8FDC-42A3-9474-1A3956D46DE8}") = "Services", "Services", "{87BA2D7F-B776-46C1-9896-507152FE3579}"
EndProject
Project("{FAE04EC0-301F-11D3-BF4B-00C04F79EFBC}") = "Artisanale.Services.ProductApi", "Artisanale.Services.ProductApi\Artisanale.Services.ProductApi.csproj", "{F4A4F018-3D8F-4AF3-9DE6-436FC4E9E8BF}"
EndProject
Global
	GlobalSection(SolutionConfigurationPlatforms) = preSolution
		Debug|Any CPU = Debug|Any CPU
		Release|Any CPU = Release|Any CPU
	EndGlobalSection
	GlobalSection(ProjectConfigurationPlatforms) = postSolution
		{B3DB8F84-3A7C-4026-AA35-280D8B1039E5}.Debug|Any CPU.ActiveCfg = Debug|Any CPU
		{B3DB8F84-3A7C-4026-AA35-280D8B1039E5}.Debug|Any CPU.Build.0 = Debug|Any CPU
		{B3DB8F84-3A7C-4026-AA35-280D8B1039E5}.Release|Any CPU.ActiveCfg = Release|Any CPU
		{B3DB8F84-3A7C-4026-AA35-280D8B1039E5}.Release|Any CPU.Build.0 = Release|Any CPU
		{F4A4F018-3D8F-4AF3-9DE6-436FC4E9E8BF}.Debug|Any CPU.ActiveCfg = Debug|Any CPU
		{F4A4F018-3D8F-4AF3-9DE6-436FC4E9E8BF}.Debug|Any CPU.Build.0 = Debug|Any CPU
		{F4A4F018-3D8F-4AF3-9DE6-436FC4E9E8BF}.Release|Any CPU.ActiveCfg = Release|Any CPU
		{F4A4F018-3D8F-4AF3-9DE6-436FC4E9E8BF}.Release|Any CPU.Build.0 = Release|Any CPU
	EndGlobalSection
	GlobalSection(SolutionProperties) = preSolution
		HideSolutionNode = FALSE
	EndGlobalSection
	GlobalSection(NestedProjects) = preSolution
		{B3DB8F84-3A7C-4026-AA35-280D8B1039E5} = {8D838C1F-9825-4503-8E8F-30520EB9D8B2}
		{F4A4F018-3D8F-4AF3-9DE6-436FC4E9E8BF} = {87BA2D7F-B776-46C1-9896-507152FE3579}
	EndGlobalSection
	GlobalSection(ExtensibilityGlobals) = postSolution
		SolutionGuid = {9241937B-B26F-4A98-A67D-BE2096675FEF}
	EndGlobalSection
EndGlobal
